
Microsoft Visual Studio Solution File, Format Version 12.00
# Visual Studio Version 16
VisualStudioVersion = 16.0.29920.165
MinimumVisualStudioVersion = 10.0.40219.1
Project("{FAE04EC0-301F-11D3-BF4B-00C04F79EFBC}") = "HRConfig", "HRConfig.csproj", "{D7786E01-C9BD-4050-822C-B1B95A151B6D}"
EndProject
Global
	GlobalSection(SolutionConfigurationPlatforms) = preSolution
		Debug|Any CPU = Debug|Any CPU
		Release|Any CPU = Release|Any CPU
	EndGlobalSection
	GlobalSection(ProjectConfigurationPlatforms) = postSolution
		{D7786E01-C9BD-4050-822C-B1B95A151B6D}.Debug|Any CPU.ActiveCfg = Debug|Any CPU
		{D7786E01-C9BD-4050-822C-B1B95A151B6D}.Debug|Any CPU.Build.0 = Debug|Any CPU
		{D7786E01-C9BD-4050-822C-B1B95A151B6D}.Release|Any CPU.ActiveCfg = Release|Any CPU
		{D7786E01-C9BD-4050-822C-B1B95A151B6D}.Release|Any CPU.Build.0 = Release|Any CPU
	EndGlobalSection
	GlobalSection(SolutionProperties) = preSolution
		HideSolutionNode = FALSE
	EndGlobalSection
	GlobalSection(ExtensibilityGlobals) = postSolution
		SolutionGuid = {C76B8DF3-04CA-4609-BF74-9B95DA4F39FB}
	EndGlobalSection
EndGlobal
